// !$*UTF8*$!
{
	archiveVersion = 1;
	classes = {
	};
	objectVersion = 46;
	objects = {

/* Begin PBXBuildFile section */
		91ACF57AC3A04DCB9575DCF0 /* libPods-SkinnyViewControllers.a in Frameworks */ = {isa = PBXBuildFile; fileRef = D1D7491F07884528A65024D4 /* libPods-SkinnyViewControllers.a */; };
		986DB8EB1992FBDC00C9A558 /* Quote.m in Sources */ = {isa = PBXBuildFile; fileRef = 986DB8EA1992FBDC00C9A558 /* Quote.m */; };
		98BD3D981991B9C000B421F6 /* Foundation.framework in Frameworks */ = {isa = PBXBuildFile; fileRef = 98BD3D971991B9C000B421F6 /* Foundation.framework */; };
		98BD3D9A1991B9C000B421F6 /* CoreGraphics.framework in Frameworks */ = {isa = PBXBuildFile; fileRef = 98BD3D991991B9C000B421F6 /* CoreGraphics.framework */; };
		98BD3D9C1991B9C000B421F6 /* UIKit.framework in Frameworks */ = {isa = PBXBuildFile; fileRef = 98BD3D9B1991B9C000B421F6 /* UIKit.framework */; };
		98BD3DA21991B9C000B421F6 /* InfoPlist.strings in Resources */ = {isa = PBXBuildFile; fileRef = 98BD3DA01991B9C000B421F6 /* InfoPlist.strings */; };
		98BD3DA41991B9C000B421F6 /* main.m in Sources */ = {isa = PBXBuildFile; fileRef = 98BD3DA31991B9C000B421F6 /* main.m */; };
		98BD3DA81991B9C000B421F6 /* AppDelegate.m in Sources */ = {isa = PBXBuildFile; fileRef = 98BD3DA71991B9C000B421F6 /* AppDelegate.m */; };
		98BD3DAB1991B9C000B421F6 /* Main_iPhone.storyboard in Resources */ = {isa = PBXBuildFile; fileRef = 98BD3DA91991B9C000B421F6 /* Main_iPhone.storyboard */; };
		98BD3DAE1991B9C000B421F6 /* Main_iPad.storyboard in Resources */ = {isa = PBXBuildFile; fileRef = 98BD3DAC1991B9C000B421F6 /* Main_iPad.storyboard */; };
		98BD3DB11991B9C000B421F6 /* MasterViewController.m in Sources */ = {isa = PBXBuildFile; fileRef = 98BD3DB01991B9C000B421F6 /* MasterViewController.m */; };
		98BD3DB41991B9C000B421F6 /* DetailViewController.m in Sources */ = {isa = PBXBuildFile; fileRef = 98BD3DB31991B9C000B421F6 /* DetailViewController.m */; };
		98BD3DB61991B9C000B421F6 /* Images.xcassets in Resources */ = {isa = PBXBuildFile; fileRef = 98BD3DB51991B9C000B421F6 /* Images.xcassets */; };
		98BD3DBD1991B9C100B421F6 /* XCTest.framework in Frameworks */ = {isa = PBXBuildFile; fileRef = 98BD3DBC1991B9C100B421F6 /* XCTest.framework */; };
		98BD3DBE1991B9C100B421F6 /* Foundation.framework in Frameworks */ = {isa = PBXBuildFile; fileRef = 98BD3D971991B9C000B421F6 /* Foundation.framework */; };
		98BD3DBF1991B9C100B421F6 /* UIKit.framework in Frameworks */ = {isa = PBXBuildFile; fileRef = 98BD3D9B1991B9C000B421F6 /* UIKit.framework */; };
		98BD3DC71991B9C100B421F6 /* InfoPlist.strings in Resources */ = {isa = PBXBuildFile; fileRef = 98BD3DC51991B9C100B421F6 /* InfoPlist.strings */; };
		98BD3DC91991B9C100B421F6 /* SkinnyViewControllersTests.m in Sources */ = {isa = PBXBuildFile; fileRef = 98BD3DC81991B9C100B421F6 /* SkinnyViewControllersTests.m */; };
		98BD3DD41991BA0500B421F6 /* ApiClient.m in Sources */ = {isa = PBXBuildFile; fileRef = 98BD3DD31991BA0500B421F6 /* ApiClient.m */; };
		A3D4E80A0B324BA0BE7A9296 /* libPods-SkinnyViewControllersTests.a in Frameworks */ = {isa = PBXBuildFile; fileRef = 4540BED0ADA44C50AAE6BC0D /* libPods-SkinnyViewControllersTests.a */; };
/* End PBXBuildFile section */

/* Begin PBXContainerItemProxy section */
		98BD3DC01991B9C100B421F6 /* PBXContainerItemProxy */ = {
			isa = PBXContainerItemProxy;
			containerPortal = 98BD3D8C1991B9C000B421F6 /* Project object */;
			proxyType = 1;
			remoteGlobalIDString = 98BD3D931991B9C000B421F6;
			remoteInfo = SkinnyViewControllers;
		};
/* End PBXContainerItemProxy section */

/* Begin PBXFileReference section */
		4540BED0ADA44C50AAE6BC0D /* libPods-SkinnyViewControllersTests.a */ = {isa = PBXFileReference; explicitFileType = archive.ar; includeInIndex = 0; path = "libPods-SkinnyViewControllersTests.a"; sourceTree = BUILT_PRODUCTS_DIR; };
		608E75FA623D4F1D8E490040 /* Pods-SkinnyViewControllers.xcconfig */ = {isa = PBXFileReference; includeInIndex = 1; lastKnownFileType = text.xcconfig; name = "Pods-SkinnyViewControllers.xcconfig"; path = "Pods/Pods-SkinnyViewControllers.xcconfig"; sourceTree = "<group>"; };
		878964F68A784A169ED98AC4 /* Pods-SkinnyViewControllersTests.xcconfig */ = {isa = PBXFileReference; includeInIndex = 1; lastKnownFileType = text.xcconfig; name = "Pods-SkinnyViewControllersTests.xcconfig"; path = "Pods/Pods-SkinnyViewControllersTests.xcconfig"; sourceTree = "<group>"; };
		986DB8E91992FBDC00C9A558 /* Quote.h */ = {isa = PBXFileReference; fileEncoding = 4; lastKnownFileType = sourcecode.c.h; path = Quote.h; sourceTree = "<group>"; };
		986DB8EA1992FBDC00C9A558 /* Quote.m */ = {isa = PBXFileReference; fileEncoding = 4; lastKnownFileType = sourcecode.c.objc; path = Quote.m; sourceTree = "<group>"; };
		98BD3D941991B9C000B421F6 /* SkinnyViewControllers.app */ = {isa = PBXFileReference; explicitFileType = wrapper.application; includeInIndex = 0; path = SkinnyViewControllers.app; sourceTree = BUILT_PRODUCTS_DIR; };
		98BD3D971991B9C000B421F6 /* Foundation.framework */ = {isa = PBXFileReference; lastKnownFileType = wrapper.framework; name = Foundation.framework; path = System/Library/Frameworks/Foundation.framework; sourceTree = SDKROOT; };
		98BD3D991991B9C000B421F6 /* CoreGraphics.framework */ = {isa = PBXFileReference; lastKnownFileType = wrapper.framework; name = CoreGraphics.framework; path = System/Library/Frameworks/CoreGraphics.framework; sourceTree = SDKROOT; };
		98BD3D9B1991B9C000B421F6 /* UIKit.framework */ = {isa = PBXFileReference; lastKnownFileType = wrapper.framework; name = UIKit.framework; path = System/Library/Frameworks/UIKit.framework; sourceTree = SDKROOT; };
		98BD3D9F1991B9C000B421F6 /* SkinnyViewControllers-Info.plist */ = {isa = PBXFileReference; lastKnownFileType = text.plist.xml; path = "SkinnyViewControllers-Info.plist"; sourceTree = "<group>"; };
		98BD3DA11991B9C000B421F6 /* en */ = {isa = PBXFileReference; lastKnownFileType = text.plist.strings; name = en; path = en.lproj/InfoPlist.strings; sourceTree = "<group>"; };
		98BD3DA31991B9C000B421F6 /* main.m */ = {isa = PBXFileReference; lastKnownFileType = sourcecode.c.objc; path = main.m; sourceTree = "<group>"; };
		98BD3DA51991B9C000B421F6 /* SkinnyViewControllers-Prefix.pch */ = {isa = PBXFileReference; lastKnownFileType = sourcecode.c.h; path = "SkinnyViewControllers-Prefix.pch"; sourceTree = "<group>"; };
		98BD3DA61991B9C000B421F6 /* AppDelegate.h */ = {isa = PBXFileReference; lastKnownFileType = sourcecode.c.h; path = AppDelegate.h; sourceTree = "<group>"; };
		98BD3DA71991B9C000B421F6 /* AppDelegate.m */ = {isa = PBXFileReference; lastKnownFileType = sourcecode.c.objc; path = AppDelegate.m; sourceTree = "<group>"; };
		98BD3DAA1991B9C000B421F6 /* Base */ = {isa = PBXFileReference; lastKnownFileType = file.storyboard; name = Base; path = Base.lproj/Main_iPhone.storyboard; sourceTree = "<group>"; };
		98BD3DAD1991B9C000B421F6 /* Base */ = {isa = PBXFileReference; lastKnownFileType = file.storyboard; name = Base; path = Base.lproj/Main_iPad.storyboard; sourceTree = "<group>"; };
		98BD3DAF1991B9C000B421F6 /* MasterViewController.h */ = {isa = PBXFileReference; lastKnownFileType = sourcecode.c.h; path = MasterViewController.h; sourceTree = "<group>"; };
		98BD3DB01991B9C000B421F6 /* MasterViewController.m */ = {isa = PBXFileReference; lastKnownFileType = sourcecode.c.objc; path = MasterViewController.m; sourceTree = "<group>"; };
		98BD3DB21991B9C000B421F6 /* DetailViewController.h */ = {isa = PBXFileReference; lastKnownFileType = sourcecode.c.h; path = DetailViewController.h; sourceTree = "<group>"; };
		98BD3DB31991B9C000B421F6 /* DetailViewController.m */ = {isa = PBXFileReference; lastKnownFileType = sourcecode.c.objc; path = DetailViewController.m; sourceTree = "<group>"; };
		98BD3DB51991B9C000B421F6 /* Images.xcassets */ = {isa = PBXFileReference; lastKnownFileType = folder.assetcatalog; path = Images.xcassets; sourceTree = "<group>"; };
		98BD3DBB1991B9C100B421F6 /* SkinnyViewControllersTests.xctest */ = {isa = PBXFileReference; explicitFileType = wrapper.cfbundle; includeInIndex = 0; path = SkinnyViewControllersTests.xctest; sourceTree = BUILT_PRODUCTS_DIR; };
		98BD3DBC1991B9C100B421F6 /* XCTest.framework */ = {isa = PBXFileReference; lastKnownFileType = wrapper.framework; name = XCTest.framework; path = Library/Frameworks/XCTest.framework; sourceTree = DEVELOPER_DIR; };
		98BD3DC41991B9C100B421F6 /* SkinnyViewControllersTests-Info.plist */ = {isa = PBXFileReference; lastKnownFileType = text.plist.xml; path = "SkinnyViewControllersTests-Info.plist"; sourceTree = "<group>"; };
		98BD3DC61991B9C100B421F6 /* en */ = {isa = PBXFileReference; lastKnownFileType = text.plist.strings; name = en; path = en.lproj/InfoPlist.strings; sourceTree = "<group>"; };
		98BD3DC81991B9C100B421F6 /* SkinnyViewControllersTests.m */ = {isa = PBXFileReference; lastKnownFileType = sourcecode.c.objc; path = SkinnyViewControllersTests.m; sourceTree = "<group>"; };
		98BD3DD21991BA0500B421F6 /* ApiClient.h */ = {isa = PBXFileReference; fileEncoding = 4; lastKnownFileType = sourcecode.c.h; path = ApiClient.h; sourceTree = "<group>"; };
		98BD3DD31991BA0500B421F6 /* ApiClient.m */ = {isa = PBXFileReference; fileEncoding = 4; lastKnownFileType = sourcecode.c.objc; path = ApiClient.m; sourceTree = "<group>"; };
		D1D7491F07884528A65024D4 /* libPods-SkinnyViewControllers.a */ = {isa = PBXFileReference; explicitFileType = archive.ar; includeInIndex = 0; path = "libPods-SkinnyViewControllers.a"; sourceTree = BUILT_PRODUCTS_DIR; };
/* End PBXFileReference section */

/* Begin PBXFrameworksBuildPhase section */
		98BD3D911991B9C000B421F6 /* Frameworks */ = {
			isa = PBXFrameworksBuildPhase;
			buildActionMask = 2147483647;
			files = (
				98BD3D9A1991B9C000B421F6 /* CoreGraphics.framework in Frameworks */,
				98BD3D9C1991B9C000B421F6 /* UIKit.framework in Frameworks */,
				98BD3D981991B9C000B421F6 /* Foundation.framework in Frameworks */,
				91ACF57AC3A04DCB9575DCF0 /* libPods-SkinnyViewControllers.a in Frameworks */,
			);
			runOnlyForDeploymentPostprocessing = 0;
		};
		98BD3DB81991B9C100B421F6 /* Frameworks */ = {
			isa = PBXFrameworksBuildPhase;
			buildActionMask = 2147483647;
			files = (
				98BD3DBD1991B9C100B421F6 /* XCTest.framework in Frameworks */,
				98BD3DBF1991B9C100B421F6 /* UIKit.framework in Frameworks */,
				98BD3DBE1991B9C100B421F6 /* Foundation.framework in Frameworks */,
				A3D4E80A0B324BA0BE7A9296 /* libPods-SkinnyViewControllersTests.a in Frameworks */,
			);
			runOnlyForDeploymentPostprocessing = 0;
		};
/* End PBXFrameworksBuildPhase section */

/* Begin PBXGroup section */
		98BD3D8B1991B9C000B421F6 = {
			isa = PBXGroup;
			children = (
				98BD3D9D1991B9C000B421F6 /* SkinnyViewControllers */,
				98BD3DC21991B9C100B421F6 /* SkinnyViewControllersTests */,
				98BD3D961991B9C000B421F6 /* Frameworks */,
				98BD3D951991B9C000B421F6 /* Products */,
				608E75FA623D4F1D8E490040 /* Pods-SkinnyViewControllers.xcconfig */,
				878964F68A784A169ED98AC4 /* Pods-SkinnyViewControllersTests.xcconfig */,
			);
			sourceTree = "<group>";
		};
		98BD3D951991B9C000B421F6 /* Products */ = {
			isa = PBXGroup;
			children = (
				98BD3D941991B9C000B421F6 /* SkinnyViewControllers.app */,
				98BD3DBB1991B9C100B421F6 /* SkinnyViewControllersTests.xctest */,
			);
			name = Products;
			sourceTree = "<group>";
		};
		98BD3D961991B9C000B421F6 /* Frameworks */ = {
			isa = PBXGroup;
			children = (
				98BD3D971991B9C000B421F6 /* Foundation.framework */,
				98BD3D991991B9C000B421F6 /* CoreGraphics.framework */,
				98BD3D9B1991B9C000B421F6 /* UIKit.framework */,
				98BD3DBC1991B9C100B421F6 /* XCTest.framework */,
				D1D7491F07884528A65024D4 /* libPods-SkinnyViewControllers.a */,
				4540BED0ADA44C50AAE6BC0D /* libPods-SkinnyViewControllersTests.a */,
			);
			name = Frameworks;
			sourceTree = "<group>";
		};
		98BD3D9D1991B9C000B421F6 /* SkinnyViewControllers */ = {
			isa = PBXGroup;
			children = (
				98BD3DA61991B9C000B421F6 /* AppDelegate.h */,
				98BD3DA71991B9C000B421F6 /* AppDelegate.m */,
				98BD3DA91991B9C000B421F6 /* Main_iPhone.storyboard */,
				98BD3DAC1991B9C000B421F6 /* Main_iPad.storyboard */,
				98BD3DAF1991B9C000B421F6 /* MasterViewController.h */,
				98BD3DB01991B9C000B421F6 /* MasterViewController.m */,
				98BD3DB21991B9C000B421F6 /* DetailViewController.h */,
				98BD3DB31991B9C000B421F6 /* DetailViewController.m */,
				98BD3DD21991BA0500B421F6 /* ApiClient.h */,
				98BD3DD31991BA0500B421F6 /* ApiClient.m */,
				986DB8E91992FBDC00C9A558 /* Quote.h */,
				986DB8EA1992FBDC00C9A558 /* Quote.m */,
				98BD3DB51991B9C000B421F6 /* Images.xcassets */,
				98BD3D9E1991B9C000B421F6 /* Supporting Files */,
			);
			path = SkinnyViewControllers;
			sourceTree = "<group>";
		};
		98BD3D9E1991B9C000B421F6 /* Supporting Files */ = {
			isa = PBXGroup;
			children = (
				98BD3D9F1991B9C000B421F6 /* SkinnyViewControllers-Info.plist */,
				98BD3DA01991B9C000B421F6 /* InfoPlist.strings */,
				98BD3DA31991B9C000B421F6 /* main.m */,
				98BD3DA51991B9C000B421F6 /* SkinnyViewControllers-Prefix.pch */,
			);
			name = "Supporting Files";
			sourceTree = "<group>";
		};
		98BD3DC21991B9C100B421F6 /* SkinnyViewControllersTests */ = {
			isa = PBXGroup;
			children = (
				98BD3DC81991B9C100B421F6 /* SkinnyViewControllersTests.m */,
				98BD3DC31991B9C100B421F6 /* Supporting Files */,
			);
			path = SkinnyViewControllersTests;
			sourceTree = "<group>";
		};
		98BD3DC31991B9C100B421F6 /* Supporting Files */ = {
			isa = PBXGroup;
			children = (
				98BD3DC41991B9C100B421F6 /* SkinnyViewControllersTests-Info.plist */,
				98BD3DC51991B9C100B421F6 /* InfoPlist.strings */,
			);
			name = "Supporting Files";
			sourceTree = "<group>";
		};
/* End PBXGroup section */

/* Begin PBXNativeTarget section */
		98BD3D931991B9C000B421F6 /* SkinnyViewControllers */ = {
			isa = PBXNativeTarget;
			buildConfigurationList = 98BD3DCC1991B9C100B421F6 /* Build configuration list for PBXNativeTarget "SkinnyViewControllers" */;
			buildPhases = (
				E968077AC0564696BBF937C8 /* Check Pods Manifest.lock */,
				98BD3D901991B9C000B421F6 /* Sources */,
				98BD3D911991B9C000B421F6 /* Frameworks */,
				98BD3D921991B9C000B421F6 /* Resources */,
				37FF588C9BD348D3A25823C5 /* Copy Pods Resources */,
			);
			buildRules = (
			);
			dependencies = (
			);
			name = SkinnyViewControllers;
			productName = SkinnyViewControllers;
			productReference = 98BD3D941991B9C000B421F6 /* SkinnyViewControllers.app */;
			productType = "com.apple.product-type.application";
		};
		98BD3DBA1991B9C100B421F6 /* SkinnyViewControllersTests */ = {
			isa = PBXNativeTarget;
			buildConfigurationList = 98BD3DCF1991B9C100B421F6 /* Build configuration list for PBXNativeTarget "SkinnyViewControllersTests" */;
			buildPhases = (
				3ABBF417B4F84D4C93BF9AC3 /* Check Pods Manifest.lock */,
				98BD3DB71991B9C100B421F6 /* Sources */,
				98BD3DB81991B9C100B421F6 /* Frameworks */,
				98BD3DB91991B9C100B421F6 /* Resources */,
				E4CE5BF896B741EE9DF0B44A /* Copy Pods Resources */,
			);
			buildRules = (
			);
			dependencies = (
				98BD3DC11991B9C100B421F6 /* PBXTargetDependency */,
			);
			name = SkinnyViewControllersTests;
			productName = SkinnyViewControllersTests;
			productReference = 98BD3DBB1991B9C100B421F6 /* SkinnyViewControllersTests.xctest */;
			productType = "com.apple.product-type.bundle.unit-test";
		};
/* End PBXNativeTarget section */

/* Begin PBXProject section */
		98BD3D8C1991B9C000B421F6 /* Project object */ = {
			isa = PBXProject;
			attributes = {
				LastUpgradeCheck = 0510;
				ORGANIZATIONNAME = "Wide Eye Labs";
				TargetAttributes = {
					98BD3DBA1991B9C100B421F6 = {
						TestTargetID = 98BD3D931991B9C000B421F6;
					};
				};
			};
			buildConfigurationList = 98BD3D8F1991B9C000B421F6 /* Build configuration list for PBXProject "SkinnyViewControllers" */;
			compatibilityVersion = "Xcode 3.2";
			developmentRegion = English;
			hasScannedForEncodings = 0;
			knownRegions = (
				en,
				Base,
			);
			mainGroup = 98BD3D8B1991B9C000B421F6;
			productRefGroup = 98BD3D951991B9C000B421F6 /* Products */;
			projectDirPath = "";
			projectRoot = "";
			targets = (
				98BD3D931991B9C000B421F6 /* SkinnyViewControllers */,
				98BD3DBA1991B9C100B421F6 /* SkinnyViewControllersTests */,
			);
		};
/* End PBXProject section */

/* Begin PBXResourcesBuildPhase section */
		98BD3D921991B9C000B421F6 /* Resources */ = {
			isa = PBXResourcesBuildPhase;
			buildActionMask = 2147483647;
			files = (
				98BD3DAE1991B9C000B421F6 /* Main_iPad.storyboard in Resources */,
				98BD3DB61991B9C000B421F6 /* Images.xcassets in Resources */,
				98BD3DAB1991B9C000B421F6 /* Main_iPhone.storyboard in Resources */,
				98BD3DA21991B9C000B421F6 /* InfoPlist.strings in Resources */,
			);
			runOnlyForDeploymentPostprocessing = 0;
		};
		98BD3DB91991B9C100B421F6 /* Resources */ = {
			isa = PBXResourcesBuildPhase;
			buildActionMask = 2147483647;
			files = (
				98BD3DC71991B9C100B421F6 /* InfoPlist.strings in Resources */,
			);
			runOnlyForDeploymentPostprocessing = 0;
		};
/* End PBXResourcesBuildPhase section */

/* Begin PBXShellScriptBuildPhase section */
		37FF588C9BD348D3A25823C5 /* Copy Pods Resources */ = {
			isa = PBXShellScriptBuildPhase;
			buildActionMask = 2147483647;
			files = (
			);
			inputPaths = (
			);
			name = "Copy Pods Resources";
			outputPaths = (
			);
			runOnlyForDeploymentPostprocessing = 0;
			shellPath = /bin/sh;
			shellScript = "\"${SRCROOT}/Pods/Pods-SkinnyViewControllers-resources.sh\"\n";
			showEnvVarsInLog = 0;
		};
		3ABBF417B4F84D4C93BF9AC3 /* Check Pods Manifest.lock */ = {
			isa = PBXShellScriptBuildPhase;
			buildActionMask = 2147483647;
			files = (
			);
			inputPaths = (
			);
			name = "Check Pods Manifest.lock";
			outputPaths = (
			);
			runOnlyForDeploymentPostprocessing = 0;
			shellPath = /bin/sh;
			shellScript = "diff \"${PODS_ROOT}/../Podfile.lock\" \"${PODS_ROOT}/Manifest.lock\" > /dev/null\nif [[ $? != 0 ]] ; then\n    cat << EOM\nerror: The sandbox is not in sync with the Podfile.lock. Run 'pod install' or update your CocoaPods installation.\nEOM\n    exit 1\nfi\n";
			showEnvVarsInLog = 0;
		};
		E4CE5BF896B741EE9DF0B44A /* Copy Pods Resources */ = {
			isa = PBXShellScriptBuildPhase;
			buildActionMask = 2147483647;
			files = (
			);
			inputPaths = (
			);
			name = "Copy Pods Resources";
			outputPaths = (
			);
			runOnlyForDeploymentPostprocessing = 0;
			shellPath = /bin/sh;
			shellScript = "\"${SRCROOT}/Pods/Pods-SkinnyViewControllersTests-resources.sh\"\n";
			showEnvVarsInLog = 0;
		};
		E968077AC0564696BBF937C8 /* Check Pods Manifest.lock */ = {
			isa = PBXShellScriptBuildPhase;
			buildActionMask = 2147483647;
			files = (
			);
			inputPaths = (
			);
			name = "Check Pods Manifest.lock";
			outputPaths = (
			);
			runOnlyForDeploymentPostprocessing = 0;
			shellPath = /bin/sh;
			shellScript = "diff \"${PODS_ROOT}/../Podfile.lock\" \"${PODS_ROOT}/Manifest.lock\" > /dev/null\nif [[ $? != 0 ]] ; then\n    cat << EOM\nerror: The sandbox is not in sync with the Podfile.lock. Run 'pod install' or update your CocoaPods installation.\nEOM\n    exit 1\nfi\n";
			showEnvVarsInLog = 0;
		};
/* End PBXShellScriptBuildPhase section */

/* Begin PBXSourcesBuildPhase section */
		98BD3D901991B9C000B421F6 /* Sources */ = {
			isa = PBXSourcesBuildPhase;
			buildActionMask = 2147483647;
			files = (
				986DB8EB1992FBDC00C9A558 /* Quote.m in Sources */,
				98BD3DA81991B9C000B421F6 /* AppDelegate.m in Sources */,
				98BD3DB11991B9C000B421F6 /* MasterViewController.m in Sources */,
				98BD3DA41991B9C000B421F6 /* main.m in Sources */,
				98BD3DD41991BA0500B421F6 /* ApiClient.m in Sources */,
				98BD3DB41991B9C000B421F6 /* DetailViewController.m in Sources */,
			);
			runOnlyForDeploymentPostprocessing = 0;
		};
		98BD3DB71991B9C100B421F6 /* Sources */ = {
			isa = PBXSourcesBuildPhase;
			buildActionMask = 2147483647;
			files = (
				98BD3DC91991B9C100B421F6 /* SkinnyViewControllersTests.m in Sources */,
			);
			runOnlyForDeploymentPostprocessing = 0;
		};
/* End PBXSourcesBuildPhase section */

/* Begin PBXTargetDependency section */
		98BD3DC11991B9C100B421F6 /* PBXTargetDependency */ = {
			isa = PBXTargetDependency;
			target = 98BD3D931991B9C000B421F6 /* SkinnyViewControllers */;
			targetProxy = 98BD3DC01991B9C100B421F6 /* PBXContainerItemProxy */;
		};
/* End PBXTargetDependency section */

/* Begin PBXVariantGroup section */
		98BD3DA01991B9C000B421F6 /* InfoPlist.strings */ = {
			isa = PBXVariantGroup;
			children = (
				98BD3DA11991B9C000B421F6 /* en */,
			);
			name = InfoPlist.strings;
			sourceTree = "<group>";
		};
		98BD3DA91991B9C000B421F6 /* Main_iPhone.storyboard */ = {
			isa = PBXVariantGroup;
			children = (
				98BD3DAA1991B9C000B421F6 /* Base */,
			);
			name = Main_iPhone.storyboard;
			sourceTree = "<group>";
		};
		98BD3DAC1991B9C000B421F6 /* Main_iPad.storyboard */ = {
			isa = PBXVariantGroup;
			children = (
				98BD3DAD1991B9C000B421F6 /* Base */,
			);
			name = Main_iPad.storyboard;
			sourceTree = "<group>";
		};
		98BD3DC51991B9C100B421F6 /* InfoPlist.strings */ = {
			isa = PBXVariantGroup;
			children = (
				98BD3DC61991B9C100B421F6 /* en */,
			);
			name = InfoPlist.strings;
			sourceTree = "<group>";
		};
/* End PBXVariantGroup section */

/* Begin XCBuildConfiguration section */
		98BD3DCA1991B9C100B421F6 /* Debug */ = {
			isa = XCBuildConfiguration;
			buildSettings = {
				ALWAYS_SEARCH_USER_PATHS = NO;
				CLANG_CXX_LANGUAGE_STANDARD = "gnu++0x";
				CLANG_CXX_LIBRARY = "libc++";
				CLANG_ENABLE_MODULES = YES;
				CLANG_ENABLE_OBJC_ARC = YES;
				CLANG_WARN_BOOL_CONVERSION = YES;
				CLANG_WARN_CONSTANT_CONVERSION = YES;
				CLANG_WARN_DIRECT_OBJC_ISA_USAGE = YES_ERROR;
				CLANG_WARN_EMPTY_BODY = YES;
				CLANG_WARN_ENUM_CONVERSION = YES;
				CLANG_WARN_INT_CONVERSION = YES;
				CLANG_WARN_OBJC_ROOT_CLASS = YES_ERROR;
				CLANG_WARN__DUPLICATE_METHOD_MATCH = YES;
				"CODE_SIGN_IDENTITY[sdk=iphoneos*]" = "iPhone Developer";
				COPY_PHASE_STRIP = NO;
				GCC_C_LANGUAGE_STANDARD = gnu99;
				GCC_DYNAMIC_NO_PIC = NO;
				GCC_OPTIMIZATION_LEVEL = 0;
				GCC_PREPROCESSOR_DEFINITIONS = (
					"DEBUG=1",
					"$(inherited)",
				);
				GCC_SYMBOLS_PRIVATE_EXTERN = NO;
				GCC_WARN_64_TO_32_BIT_CONVERSION = YES;
				GCC_WARN_ABOUT_RETURN_TYPE = YES_ERROR;
				GCC_WARN_UNDECLARED_SELECTOR = YES;
				GCC_WARN_UNINITIALIZED_AUTOS = YES_AGGRESSIVE;
				GCC_WARN_UNUSED_FUNCTION = YES;
				GCC_WARN_UNUSED_VARIABLE = YES;
				IPHONEOS_DEPLOYMENT_TARGET = 7.1;
				ONLY_ACTIVE_ARCH = YES;
				SDKROOT = iphoneos;
				TARGETED_DEVICE_FAMILY = "1,2";
			};
			name = Debug;
		};
		98BD3DCB1991B9C100B421F6 /* Release */ = {
			isa = XCBuildConfiguration;
			buildSettings = {
				ALWAYS_SEARCH_USER_PATHS = NO;
				CLANG_CXX_LANGUAGE_STANDARD = "gnu++0x";
				CLANG_CXX_LIBRARY = "libc++";
				CLANG_ENABLE_MODULES = YES;
				CLANG_ENABLE_OBJC_ARC = YES;
				CLANG_WARN_BOOL_CONVERSION = YES;
				CLANG_WARN_CONSTANT_CONVERSION = YES;
				CLANG_WARN_DIRECT_OBJC_ISA_USAGE = YES_ERROR;
				CLANG_WARN_EMPTY_BODY = YES;
				CLANG_WARN_ENUM_CONVERSION = YES;
				CLANG_WARN_INT_CONVERSION = YES;
				CLANG_WARN_OBJC_ROOT_CLASS = YES_ERROR;
				CLANG_WARN__DUPLICATE_METHOD_MATCH = YES;
				"CODE_SIGN_IDENTITY[sdk=iphoneos*]" = "iPhone Developer";
				COPY_PHASE_STRIP = YES;
				ENABLE_NS_ASSERTIONS = NO;
				GCC_C_LANGUAGE_STANDARD = gnu99;
				GCC_WARN_64_TO_32_BIT_CONVERSION = YES;
				GCC_WARN_ABOUT_RETURN_TYPE = YES_ERROR;
				GCC_WARN_UNDECLARED_SELECTOR = YES;
				GCC_WARN_UNINITIALIZED_AUTOS = YES_AGGRESSIVE;
				GCC_WARN_UNUSED_FUNCTION = YES;
				GCC_WARN_UNUSED_VARIABLE = YES;
				IPHONEOS_DEPLOYMENT_TARGET = 7.1;
				SDKROOT = iphoneos;
				TARGETED_DEVICE_FAMILY = "1,2";
				VALIDATE_PRODUCT = YES;
			};
			name = Release;
		};
		98BD3DCD1991B9C100B421F6 /* Debug */ = {
			isa = XCBuildConfiguration;
			baseConfigurationReference = 608E75FA623D4F1D8E490040 /* Pods-SkinnyViewControllers.xcconfig */;
			buildSettings = {
				ASSETCATALOG_COMPILER_APPICON_NAME = AppIcon;
				ASSETCATALOG_COMPILER_LAUNCHIMAGE_NAME = LaunchImage;
				GCC_PRECOMPILE_PREFIX_HEADER = YES;
				GCC_PREFIX_HEADER = "SkinnyViewControllers/SkinnyViewControllers-Prefix.pch";
				INFOPLIST_FILE = "SkinnyViewControllers/SkinnyViewControllers-Info.plist";
				PRODUCT_NAME = "$(TARGET_NAME)";
				WRAPPER_EXTENSION = app;
			};
			name = Debug;
		};
		98BD3DCE1991B9C100B421F6 /* Release */ = {
			isa = XCBuildConfiguration;
			baseConfigurationReference = 608E75FA623D4F1D8E490040 /* Pods-SkinnyViewControllers.xcconfig */;
			buildSettings = {
				ASSETCATALOG_COMPILER_APPICON_NAME = AppIcon;
				ASSETCATALOG_COMPILER_LAUNCHIMAGE_NAME = LaunchImage;
				GCC_PRECOMPILE_PREFIX_HEADER = YES;
				GCC_PREFIX_HEADER = "SkinnyViewControllers/SkinnyViewControllers-Prefix.pch";
				INFOPLIST_FILE = "SkinnyViewControllers/SkinnyViewControllers-Info.plist";
				PRODUCT_NAME = "$(TARGET_NAME)";
				WRAPPER_EXTENSION = app;
			};
			name = Release;
		};
		98BD3DD01991B9C100B421F6 /* Debug */ = {
			isa = XCBuildConfiguration;
			baseConfigurationReference = 878964F68A784A169ED98AC4 /* Pods-SkinnyViewControllersTests.xcconfig */;
			buildSettings = {
				BUNDLE_LOADER = "$(BUILT_PRODUCTS_DIR)/SkinnyViewControllers.app/SkinnyViewControllers";
				FRAMEWORK_SEARCH_PATHS = (
					"$(SDKROOT)/Developer/Library/Frameworks",
					"$(inherited)",
					"$(DEVELOPER_FRAMEWORKS_DIR)",
				);
				GCC_PRECOMPILE_PREFIX_HEADER = YES;
				GCC_PREFIX_HEADER = "SkinnyViewControllers/SkinnyViewControllers-Prefix.pch";
				GCC_PREPROCESSOR_DEFINITIONS = (
					"DEBUG=1",
					"$(inherited)",
				);
				INFOPLIST_FILE = "SkinnyViewControllersTests/SkinnyViewControllersTests-Info.plist";
				PRODUCT_NAME = "$(TARGET_NAME)";
				TEST_HOST = "$(BUNDLE_LOADER)";
				WRAPPER_EXTENSION = xctest;
			};
			name = Debug;
		};
		98BD3DD11991B9C100B421F6 /* Release */ = {
			isa = XCBuildConfiguration;
			baseConfigurationReference = 878964F68A784A169ED98AC4 /* Pods-SkinnyViewControllersTests.xcconfig */;
			buildSettings = {
				BUNDLE_LOADER = "$(BUILT_PRODUCTS_DIR)/SkinnyViewControllers.app/SkinnyViewControllers";
				FRAMEWORK_SEARCH_PATHS = (
					"$(SDKROOT)/Developer/Library/Frameworks",
					"$(inherited)",
					"$(DEVELOPER_FRAMEWORKS_DIR)",
				);
				GCC_PRECOMPILE_PREFIX_HEADER = YES;
				GCC_PREFIX_HEADER = "SkinnyViewControllers/SkinnyViewControllers-Prefix.pch";
				INFOPLIST_FILE = "SkinnyViewControllersTests/SkinnyViewControllersTests-Info.plist";
				PRODUCT_NAME = "$(TARGET_NAME)";
				TEST_HOST = "$(BUNDLE_LOADER)";
				WRAPPER_EXTENSION = xctest;
			};
			name = Release;
		};
/* End XCBuildConfiguration section */

/* Begin XCConfigurationList section */
		98BD3D8F1991B9C000B421F6 /* Build configuration list for PBXProject "SkinnyViewControllers" */ = {
			isa = XCConfigurationList;
			buildConfigurations = (
				98BD3DCA1991B9C100B421F6 /* Debug */,
				98BD3DCB1991B9C100B421F6 /* Release */,
			);
			defaultConfigurationIsVisible = 0;
			defaultConfigurationName = Release;
		};
		98BD3DCC1991B9C100B421F6 /* Build configuration list for PBXNativeTarget "SkinnyViewControllers" */ = {
			isa = XCConfigurationList;
			buildConfigurations = (
				98BD3DCD1991B9C100B421F6 /* Debug */,
				98BD3DCE1991B9C100B421F6 /* Release */,
			);
			defaultConfigurationIsVisible = 0;
			defaultConfigurationName = Release;
		};
		98BD3DCF1991B9C100B421F6 /* Build configuration list for PBXNativeTarget "SkinnyViewControllersTests" */ = {
			isa = XCConfigurationList;
			buildConfigurations = (
				98BD3DD01991B9C100B421F6 /* Debug */,
				98BD3DD11991B9C100B421F6 /* Release */,
			);
			defaultConfigurationIsVisible = 0;
			defaultConfigurationName = Release;
		};
/* End XCConfigurationList section */
	};
	rootObject = 98BD3D8C1991B9C000B421F6 /* Project object */;
}
